PODS:
  - Alamofire (5.6.4)
  - SwiftGen (6.6.2)
  - SwiftLint (0.50.3)

DEPENDENCIES:
  - Alamofire
  - SwiftGen
  - SwiftLint

SPEC REPOS:
  trunk:
    - Alamofire
    - SwiftGen
    - SwiftLint

SPEC CHECKSUMS:
  Alamofire: 4e95d97098eacb88856099c4fc79b526a299e48c
  SwiftGen: 1366a7f71aeef49954ca5a63ba4bef6b0f24138c
  SwiftLint: 77f7cb2b9bb81ab4a12fcc86448ba3f11afa50c6

PODFILE CHECKSUM: 7058a721a833103cb141d8bb38e9ab5594950089

COCOAPODS: 1.12.0
