// !$*UTF8*$!
{
	archiveVersion = 1;
	classes = {
	};
	objectVersion = 56;
	objects = {

/* Begin PBXBuildFile section */
		043F7B26871ACEF11FEEED22 /* Pods_presentation_projectTests.framework in Frameworks */ = {isa = PBXBuildFile; fileRef = F1236F67A2A8DE3C82E56ACD /* Pods_presentation_projectTests.framework */; };
		800BA4E529C8E64E0022651B /* SplashInteractorTests.swift in Sources */ = {isa = PBXBuildFile; fileRef = 800BA4E029C8E64E0022651B /* SplashInteractorTests.swift */; };
		800BA4E629C8E64E0022651B /* SplashPresenterTests.swift in Sources */ = {isa = PBXBuildFile; fileRef = 800BA4E129C8E64E0022651B /* SplashPresenterTests.swift */; };
		800BA4E729C8E64E0022651B /* HomeInteractorTests.swift in Sources */ = {isa = PBXBuildFile; fileRef = 800BA4E329C8E64E0022651B /* HomeInteractorTests.swift */; };
		800BA4E829C8E64E0022651B /* HomePresenterTests.swift in Sources */ = {isa = PBXBuildFile; fileRef = 800BA4E429C8E64E0022651B /* HomePresenterTests.swift */; };
		800BA4EC29C8E7510022651B /* Localizable.strings in Resources */ = {isa = PBXBuildFile; fileRef = 800BA4EE29C8E7510022651B /* Localizable.strings */; };
		800BA4F129C8E8440022651B /* Colors.xcassets in Resources */ = {isa = PBXBuildFile; fileRef = 800BA4F029C8E8440022651B /* Colors.xcassets */; };
		800BA4F329C8E8640022651B /* Localization.swift in Sources */ = {isa = PBXBuildFile; fileRef = 800BA4F229C8E8640022651B /* Localization.swift */; };
		800BA4F629C8E8760022651B /* ImageIdentifiers.swift in Sources */ = {isa = PBXBuildFile; fileRef = 800BA4F429C8E8760022651B /* ImageIdentifiers.swift */; };
		800BA4F729C8E8760022651B /* Colors.swift in Sources */ = {isa = PBXBuildFile; fileRef = 800BA4F529C8E8760022651B /* Colors.swift */; };
		8036396529C8B97A005FF0B1 /* AppDelegate.swift in Sources */ = {isa = PBXBuildFile; fileRef = 8036396429C8B97A005FF0B1 /* AppDelegate.swift */; };
		8036396729C8B97A005FF0B1 /* SceneDelegate.swift in Sources */ = {isa = PBXBuildFile; fileRef = 8036396629C8B97A005FF0B1 /* SceneDelegate.swift */; };
		8036396E29C8B97B005FF0B1 /* Images.xcassets in Resources */ = {isa = PBXBuildFile; fileRef = 8036396D29C8B97B005FF0B1 /* Images.xcassets */; };
		8036397129C8B97B005FF0B1 /* LaunchScreen.storyboard in Resources */ = {isa = PBXBuildFile; fileRef = 8036396F29C8B97B005FF0B1 /* LaunchScreen.storyboard */; };
		806A005329C8EB75003FCD1C /* Managers.swift in Sources */ = {isa = PBXBuildFile; fileRef = 806A005229C8EB75003FCD1C /* Managers.swift */; };
		806A006629C8EBC5003FCD1C /* NetworkConfigManager.swift in Sources */ = {isa = PBXBuildFile; fileRef = 806A005529C8EBC5003FCD1C /* NetworkConfigManager.swift */; };
		806A006729C8EBC5003FCD1C /* DefaultNetworkConfigManager.swift in Sources */ = {isa = PBXBuildFile; fileRef = 806A005629C8EBC5003FCD1C /* DefaultNetworkConfigManager.swift */; };
		806A006829C8EBC5003FCD1C /* DomainConvertible.swift in Sources */ = {isa = PBXBuildFile; fileRef = 806A005729C8EBC5003FCD1C /* DomainConvertible.swift */; };
		806A006929C8EBC5003FCD1C /* NetworkResponse.swift in Sources */ = {isa = PBXBuildFile; fileRef = 806A005829C8EBC5003FCD1C /* NetworkResponse.swift */; };
		806A006A29C8EBC5003FCD1C /* NetworkManager.swift in Sources */ = {isa = PBXBuildFile; fileRef = 806A005929C8EBC5003FCD1C /* NetworkManager.swift */; };
		806A006E29C8EBC5003FCD1C /* PPNetworkManager.swift in Sources */ = {isa = PBXBuildFile; fileRef = 806A005E29C8EBC5003FCD1C /* PPNetworkManager.swift */; };
		806A006F29C8EBC5003FCD1C /* Network+Weather.swift in Sources */ = {isa = PBXBuildFile; fileRef = 806A006029C8EBC5003FCD1C /* Network+Weather.swift */; };
		806A007129C8EBC5003FCD1C /* NetworkManager+RequestInterceptor.swift in Sources */ = {isa = PBXBuildFile; fileRef = 806A006229C8EBC5003FCD1C /* NetworkManager+RequestInterceptor.swift */; };
		806A007229C8EBC5003FCD1C /* NetworkManager+Logging.swift in Sources */ = {isa = PBXBuildFile; fileRef = 806A006329C8EBC5003FCD1C /* NetworkManager+Logging.swift */; };
		806A007329C8EBC5003FCD1C /* NetworkRequest.swift in Sources */ = {isa = PBXBuildFile; fileRef = 806A006429C8EBC5003FCD1C /* NetworkRequest.swift */; };
		806A007429C8EBC5003FCD1C /* NetworkError.swift in Sources */ = {isa = PBXBuildFile; fileRef = 806A006529C8EBC5003FCD1C /* NetworkError.swift */; };
		806A007E29C8EDAA003FCD1C /* EntityParser.swift in Sources */ = {isa = PBXBuildFile; fileRef = 806A007829C8EDAA003FCD1C /* EntityParser.swift */; };
		806A007F29C8EDAA003FCD1C /* PrintLog.swift in Sources */ = {isa = PBXBuildFile; fileRef = 806A007929C8EDAA003FCD1C /* PrintLog.swift */; };
		806A008529C8EE0B003FCD1C /* String.swift in Sources */ = {isa = PBXBuildFile; fileRef = 806A008429C8EE0B003FCD1C /* String.swift */; };
		807C590C29C8BA2F000A8E81 /* HomeInteractor.swift in Sources */ = {isa = PBXBuildFile; fileRef = 807C58FF29C8BA2F000A8E81 /* HomeInteractor.swift */; };
		807C590D29C8BA2F000A8E81 /* HomeView.swift in Sources */ = {isa = PBXBuildFile; fileRef = 807C590029C8BA2F000A8E81 /* HomeView.swift */; };
		807C590E29C8BA2F000A8E81 /* HomeViewController.swift in Sources */ = {isa = PBXBuildFile; fileRef = 807C590129C8BA2F000A8E81 /* HomeViewController.swift */; };
		807C590F29C8BA2F000A8E81 /* HomeRouter.swift in Sources */ = {isa = PBXBuildFile; fileRef = 807C590229C8BA2F000A8E81 /* HomeRouter.swift */; };
		807C591029C8BA2F000A8E81 /* HomeModels.swift in Sources */ = {isa = PBXBuildFile; fileRef = 807C590329C8BA2F000A8E81 /* HomeModels.swift */; };
		807C591129C8BA2F000A8E81 /* HomePresenter.swift in Sources */ = {isa = PBXBuildFile; fileRef = 807C590429C8BA2F000A8E81 /* HomePresenter.swift */; };
		807C591229C8BA2F000A8E81 /* SplashViewController.swift in Sources */ = {isa = PBXBuildFile; fileRef = 807C590629C8BA2F000A8E81 /* SplashViewController.swift */; };
		807C591329C8BA2F000A8E81 /* SplashPresenter.swift in Sources */ = {isa = PBXBuildFile; fileRef = 807C590729C8BA2F000A8E81 /* SplashPresenter.swift */; };
		807C591429C8BA2F000A8E81 /* SplashRouter.swift in Sources */ = {isa = PBXBuildFile; fileRef = 807C590829C8BA2F000A8E81 /* SplashRouter.swift */; };
		807C591529C8BA2F000A8E81 /* SplashView.swift in Sources */ = {isa = PBXBuildFile; fileRef = 807C590929C8BA2F000A8E81 /* SplashView.swift */; };
		807C591629C8BA2F000A8E81 /* SplashInteractor.swift in Sources */ = {isa = PBXBuildFile; fileRef = 807C590A29C8BA2F000A8E81 /* SplashInteractor.swift */; };
		807C591729C8BA2F000A8E81 /* SplashModels.swift in Sources */ = {isa = PBXBuildFile; fileRef = 807C590B29C8BA2F000A8E81 /* SplashModels.swift */; };
		807F9C2829CAECC300EBE055 /* Constants.swift in Sources */ = {isa = PBXBuildFile; fileRef = 807F9C2729CAECC300EBE055 /* Constants.swift */; };
		807F9C2A29CAED7D00EBE055 /* WeatherEntities.swift in Sources */ = {isa = PBXBuildFile; fileRef = 807F9C2929CAED7D00EBE055 /* WeatherEntities.swift */; };
		807F9C2C29CAEE3800EBE055 /* Weather+Request.swift in Sources */ = {isa = PBXBuildFile; fileRef = 807F9C2B29CAEE3800EBE055 /* Weather+Request.swift */; };
		807F9C2E29CAEE4000EBE055 /* Weather+Response.swift in Sources */ = {isa = PBXBuildFile; fileRef = 807F9C2D29CAEE4000EBE055 /* Weather+Response.swift */; };
		807F9C3029CAF00500EBE055 /* README.md in Resources */ = {isa = PBXBuildFile; fileRef = 807F9C2F29CAF00500EBE055 /* README.md */; };
		807F9C3229CAF5CD00EBE055 /* UIColor.swift in Sources */ = {isa = PBXBuildFile; fileRef = 807F9C3129CAF5CD00EBE055 /* UIColor.swift */; };
		807F9C3429CAF61A00EBE055 /* Regex.swift in Sources */ = {isa = PBXBuildFile; fileRef = 807F9C3329CAF61A00EBE055 /* Regex.swift */; };
		8085AFED29C8E002005B30AA /* UIView.swift in Sources */ = {isa = PBXBuildFile; fileRef = 8085AFEC29C8E002005B30AA /* UIView.swift */; };
		8085AFEF29C8E07A005B30AA /* NSLayoutAnchor.swift in Sources */ = {isa = PBXBuildFile; fileRef = 8085AFEE29C8E07A005B30AA /* NSLayoutAnchor.swift */; };
		8085AFF129C8E086005B30AA /* NSLayoutDimension.swift in Sources */ = {isa = PBXBuildFile; fileRef = 8085AFF029C8E086005B30AA /* NSLayoutDimension.swift */; };
		DC19B6522EBB1F4EC59B8580 /* Pods_presentation_project.framework in Frameworks */ = {isa = PBXBuildFile; fileRef = 5811FB5C54DF7F9D4326F96B /* Pods_presentation_project.framework */; };
/* End PBXBuildFile section */

/* Begin PBXContainerItemProxy section */
		8036397829C8B97B005FF0B1 /* PBXContainerItemProxy */ = {
			isa = PBXContainerItemProxy;
			containerPortal = 8036395929C8B97A005FF0B1 /* Project object */;
			proxyType = 1;
			remoteGlobalIDString = 8036396029C8B97A005FF0B1;
			remoteInfo = "presentation-project";
		};
/* End PBXContainerItemProxy section */

/* Begin PBXFileReference section */
		5811FB5C54DF7F9D4326F96B /* Pods_presentation_project.framework */ = {isa = PBXFileReference; explicitFileType = wrapper.framework; includeInIndex = 0; path = Pods_presentation_project.framework; sourceTree = BUILT_PRODUCTS_DIR; };
		800BA4E029C8E64E0022651B /* SplashInteractorTests.swift */ = {isa = PBXFileReference; fileEncoding = 4; lastKnownFileType = sourcecode.swift; path = SplashInteractorTests.swift; sourceTree = "<group>"; };
		800BA4E129C8E64E0022651B /* SplashPresenterTests.swift */ = {isa = PBXFileReference; fileEncoding = 4; lastKnownFileType = sourcecode.swift; path = SplashPresenterTests.swift; sourceTree = "<group>"; };
		800BA4E329C8E64E0022651B /* HomeInteractorTests.swift */ = {isa = PBXFileReference; fileEncoding = 4; lastKnownFileType = sourcecode.swift; path = HomeInteractorTests.swift; sourceTree = "<group>"; };
		800BA4E429C8E64E0022651B /* HomePresenterTests.swift */ = {isa = PBXFileReference; fileEncoding = 4; lastKnownFileType = sourcecode.swift; path = HomePresenterTests.swift; sourceTree = "<group>"; };
		800BA4ED29C8E7510022651B /* en */ = {isa = PBXFileReference; lastKnownFileType = text.plist.strings; name = en; path = en.lproj/Localizable.strings; sourceTree = "<group>"; };
		800BA4EF29C8E75A0022651B /* es */ = {isa = PBXFileReference; lastKnownFileType = text.plist.strings; name = es; path = es.lproj/Localizable.strings; sourceTree = "<group>"; };
		800BA4F029C8E8440022651B /* Colors.xcassets */ = {isa = PBXFileReference; lastKnownFileType = folder.assetcatalog; path = Colors.xcassets; sourceTree = "<group>"; };
		800BA4F229C8E8640022651B /* Localization.swift */ = {isa = PBXFileReference; fileEncoding = 4; lastKnownFileType = sourcecode.swift; path = Localization.swift; sourceTree = "<group>"; };
		800BA4F429C8E8760022651B /* ImageIdentifiers.swift */ = {isa = PBXFileReference; fileEncoding = 4; lastKnownFileType = sourcecode.swift; path = ImageIdentifiers.swift; sourceTree = "<group>"; };
		800BA4F529C8E8760022651B /* Colors.swift */ = {isa = PBXFileReference; fileEncoding = 4; lastKnownFileType = sourcecode.swift; path = Colors.swift; sourceTree = "<group>"; };
		8036396129C8B97A005FF0B1 /* presentation-project.app */ = {isa = PBXFileReference; explicitFileType = wrapper.application; includeInIndex = 0; path = "presentation-project.app"; sourceTree = BUILT_PRODUCTS_DIR; };
		8036396429C8B97A005FF0B1 /* AppDelegate.swift */ = {isa = PBXFileReference; lastKnownFileType = sourcecode.swift; path = AppDelegate.swift; sourceTree = "<group>"; };
		8036396629C8B97A005FF0B1 /* SceneDelegate.swift */ = {isa = PBXFileReference; lastKnownFileType = sourcecode.swift; path = SceneDelegate.swift; sourceTree = "<group>"; };
		8036396D29C8B97B005FF0B1 /* Images.xcassets */ = {isa = PBXFileReference; lastKnownFileType = folder.assetcatalog; path = Images.xcassets; sourceTree = "<group>"; };
		8036397029C8B97B005FF0B1 /* Base */ = {isa = PBXFileReference; lastKnownFileType = file.storyboard; name = Base; path = Base.lproj/LaunchScreen.storyboard; sourceTree = "<group>"; };
		8036397229C8B97B005FF0B1 /* Info.plist */ = {isa = PBXFileReference; lastKnownFileType = text.plist.xml; path = Info.plist; sourceTree = "<group>"; };
		8036397729C8B97B005FF0B1 /* presentation-projectTests.xctest */ = {isa = PBXFileReference; explicitFileType = wrapper.cfbundle; includeInIndex = 0; path = "presentation-projectTests.xctest"; sourceTree = BUILT_PRODUCTS_DIR; };
		806A005229C8EB75003FCD1C /* Managers.swift */ = {isa = PBXFileReference; lastKnownFileType = sourcecode.swift; path = Managers.swift; sourceTree = "<group>"; };
		806A005529C8EBC5003FCD1C /* NetworkConfigManager.swift */ = {isa = PBXFileReference; fileEncoding = 4; lastKnownFileType = sourcecode.swift; path = NetworkConfigManager.swift; sourceTree = "<group>"; };
		806A005629C8EBC5003FCD1C /* DefaultNetworkConfigManager.swift */ = {isa = PBXFileReference; fileEncoding = 4; lastKnownFileType = sourcecode.swift; path = DefaultNetworkConfigManager.swift; sourceTree = "<group>"; };
		806A005729C8EBC5003FCD1C /* DomainConvertible.swift */ = {isa = PBXFileReference; fileEncoding = 4; lastKnownFileType = sourcecode.swift; path = DomainConvertible.swift; sourceTree = "<group>"; };
		806A005829C8EBC5003FCD1C /* NetworkResponse.swift */ = {isa = PBXFileReference; fileEncoding = 4; lastKnownFileType = sourcecode.swift; path = NetworkResponse.swift; sourceTree = "<group>"; };
		806A005929C8EBC5003FCD1C /* NetworkManager.swift */ = {isa = PBXFileReference; fileEncoding = 4; lastKnownFileType = sourcecode.swift; path = NetworkManager.swift; sourceTree = "<group>"; };
		806A005E29C8EBC5003FCD1C /* PPNetworkManager.swift */ = {isa = PBXFileReference; fileEncoding = 4; lastKnownFileType = sourcecode.swift; path = PPNetworkManager.swift; sourceTree = "<group>"; };
		806A006029C8EBC5003FCD1C /* Network+Weather.swift */ = {isa = PBXFileReference; fileEncoding = 4; lastKnownFileType = sourcecode.swift; path = "Network+Weather.swift"; sourceTree = "<group>"; };
		806A006229C8EBC5003FCD1C /* NetworkManager+RequestInterceptor.swift */ = {isa = PBXFileReference; fileEncoding = 4; lastKnownFileType = sourcecode.swift; path = "NetworkManager+RequestInterceptor.swift"; sourceTree = "<group>"; };
		806A006329C8EBC5003FCD1C /* NetworkManager+Logging.swift */ = {isa = PBXFileReference; fileEncoding = 4; lastKnownFileType = sourcecode.swift; path = "NetworkManager+Logging.swift"; sourceTree = "<group>"; };
		806A006429C8EBC5003FCD1C /* NetworkRequest.swift */ = {isa = PBXFileReference; fileEncoding = 4; lastKnownFileType = sourcecode.swift; path = NetworkRequest.swift; sourceTree = "<group>"; };
		806A006529C8EBC5003FCD1C /* NetworkError.swift */ = {isa = PBXFileReference; fileEncoding = 4; lastKnownFileType = sourcecode.swift; path = NetworkError.swift; sourceTree = "<group>"; };
		806A007829C8EDAA003FCD1C /* EntityParser.swift */ = {isa = PBXFileReference; fileEncoding = 4; lastKnownFileType = sourcecode.swift; path = EntityParser.swift; sourceTree = "<group>"; };
		806A007929C8EDAA003FCD1C /* PrintLog.swift */ = {isa = PBXFileReference; fileEncoding = 4; lastKnownFileType = sourcecode.swift; path = PrintLog.swift; sourceTree = "<group>"; };
		806A008429C8EE0B003FCD1C /* String.swift */ = {isa = PBXFileReference; lastKnownFileType = sourcecode.swift; path = String.swift; sourceTree = "<group>"; };
		807C58FF29C8BA2F000A8E81 /* HomeInteractor.swift */ = {isa = PBXFileReference; fileEncoding = 4; lastKnownFileType = sourcecode.swift; path = HomeInteractor.swift; sourceTree = "<group>"; };
		807C590029C8BA2F000A8E81 /* HomeView.swift */ = {isa = PBXFileReference; fileEncoding = 4; lastKnownFileType = sourcecode.swift; path = HomeView.swift; sourceTree = "<group>"; };
		807C590129C8BA2F000A8E81 /* HomeViewController.swift */ = {isa = PBXFileReference; fileEncoding = 4; lastKnownFileType = sourcecode.swift; path = HomeViewController.swift; sourceTree = "<group>"; };
		807C590229C8BA2F000A8E81 /* HomeRouter.swift */ = {isa = PBXFileReference; fileEncoding = 4; lastKnownFileType = sourcecode.swift; path = HomeRouter.swift; sourceTree = "<group>"; };
		807C590329C8BA2F000A8E81 /* HomeModels.swift */ = {isa = PBXFileReference; fileEncoding = 4; lastKnownFileType = sourcecode.swift; path = HomeModels.swift; sourceTree = "<group>"; };
		807C590429C8BA2F000A8E81 /* HomePresenter.swift */ = {isa = PBXFileReference; fileEncoding = 4; lastKnownFileType = sourcecode.swift; path = HomePresenter.swift; sourceTree = "<group>"; };
		807C590629C8BA2F000A8E81 /* SplashViewController.swift */ = {isa = PBXFileReference; fileEncoding = 4; lastKnownFileType = sourcecode.swift; path = SplashViewController.swift; sourceTree = "<group>"; };
		807C590729C8BA2F000A8E81 /* SplashPresenter.swift */ = {isa = PBXFileReference; fileEncoding = 4; lastKnownFileType = sourcecode.swift; path = SplashPresenter.swift; sourceTree = "<group>"; };
		807C590829C8BA2F000A8E81 /* SplashRouter.swift */ = {isa = PBXFileReference; fileEncoding = 4; lastKnownFileType = sourcecode.swift; path = SplashRouter.swift; sourceTree = "<group>"; };
		807C590929C8BA2F000A8E81 /* SplashView.swift */ = {isa = PBXFileReference; fileEncoding = 4; lastKnownFileType = sourcecode.swift; path = SplashView.swift; sourceTree = "<group>"; };
		807C590A29C8BA2F000A8E81 /* SplashInteractor.swift */ = {isa = PBXFileReference; fileEncoding = 4; lastKnownFileType = sourcecode.swift; path = SplashInteractor.swift; sourceTree = "<group>"; };
		807C590B29C8BA2F000A8E81 /* SplashModels.swift */ = {isa = PBXFileReference; fileEncoding = 4; lastKnownFileType = sourcecode.swift; path = SplashModels.swift; sourceTree = "<group>"; };
		807F9C2729CAECC300EBE055 /* Constants.swift */ = {isa = PBXFileReference; lastKnownFileType = sourcecode.swift; path = Constants.swift; sourceTree = "<group>"; };
		807F9C2929CAED7D00EBE055 /* WeatherEntities.swift */ = {isa = PBXFileReference; lastKnownFileType = sourcecode.swift; path = WeatherEntities.swift; sourceTree = "<group>"; };
		807F9C2B29CAEE3800EBE055 /* Weather+Request.swift */ = {isa = PBXFileReference; lastKnownFileType = sourcecode.swift; path = "Weather+Request.swift"; sourceTree = "<group>"; };
		807F9C2D29CAEE4000EBE055 /* Weather+Response.swift */ = {isa = PBXFileReference; lastKnownFileType = sourcecode.swift; path = "Weather+Response.swift"; sourceTree = "<group>"; };
		807F9C2F29CAF00500EBE055 /* README.md */ = {isa = PBXFileReference; fileEncoding = 4; lastKnownFileType = net.daringfireball.markdown; path = README.md; sourceTree = "<group>"; };
		807F9C3129CAF5CD00EBE055 /* UIColor.swift */ = {isa = PBXFileReference; lastKnownFileType = sourcecode.swift; path = UIColor.swift; sourceTree = "<group>"; };
		807F9C3329CAF61A00EBE055 /* Regex.swift */ = {isa = PBXFileReference; lastKnownFileType = sourcecode.swift; path = Regex.swift; sourceTree = "<group>"; };
		8085AFEC29C8E002005B30AA /* UIView.swift */ = {isa = PBXFileReference; lastKnownFileType = sourcecode.swift; path = UIView.swift; sourceTree = "<group>"; };
		8085AFEE29C8E07A005B30AA /* NSLayoutAnchor.swift */ = {isa = PBXFileReference; lastKnownFileType = sourcecode.swift; path = NSLayoutAnchor.swift; sourceTree = "<group>"; };
		8085AFF029C8E086005B30AA /* NSLayoutDimension.swift */ = {isa = PBXFileReference; lastKnownFileType = sourcecode.swift; path = NSLayoutDimension.swift; sourceTree = "<group>"; };
		814B3B1EC4B92C84B86A34A9 /* Pods-presentation-projectTests.debug.xcconfig */ = {isa = PBXFileReference; includeInIndex = 1; lastKnownFileType = text.xcconfig; name = "Pods-presentation-projectTests.debug.xcconfig"; path = "Target Support Files/Pods-presentation-projectTests/Pods-presentation-projectTests.debug.xcconfig"; sourceTree = "<group>"; };
		8B947B47657C701513CB2071 /* Pods-presentation-projectTests.release.xcconfig */ = {isa = PBXFileReference; includeInIndex = 1; lastKnownFileType = text.xcconfig; name = "Pods-presentation-projectTests.release.xcconfig"; path = "Target Support Files/Pods-presentation-projectTests/Pods-presentation-projectTests.release.xcconfig"; sourceTree = "<group>"; };
		B0C36FB752C8D40FCCF7BC25 /* Pods-presentation-project.debug.xcconfig */ = {isa = PBXFileReference; includeInIndex = 1; lastKnownFileType = text.xcconfig; name = "Pods-presentation-project.debug.xcconfig"; path = "Target Support Files/Pods-presentation-project/Pods-presentation-project.debug.xcconfig"; sourceTree = "<group>"; };
		C3A3C177D2534F3DBC9D1479 /* Pods-presentation-project.release.xcconfig */ = {isa = PBXFileReference; includeInIndex = 1; lastKnownFileType = text.xcconfig; name = "Pods-presentation-project.release.xcconfig"; path = "Target Support Files/Pods-presentation-project/Pods-presentation-project.release.xcconfig"; sourceTree = "<group>"; };
		F1236F67A2A8DE3C82E56ACD /* Pods_presentation_projectTests.framework */ = {isa = PBXFileReference; explicitFileType = wrapper.framework; includeInIndex = 0; path = Pods_presentation_projectTests.framework; sourceTree = BUILT_PRODUCTS_DIR; };
/* End PBXFileReference section */

/* Begin PBXFrameworksBuildPhase section */
		8036395E29C8B97A005FF0B1 /* Frameworks */ = {
			isa = PBXFrameworksBuildPhase;
			buildActionMask = 2147483647;
			files = (
				DC19B6522EBB1F4EC59B8580 /* Pods_presentation_project.framework in Frameworks */,
			);
			runOnlyForDeploymentPostprocessing = 0;
		};
		8036397429C8B97B005FF0B1 /* Frameworks */ = {
			isa = PBXFrameworksBuildPhase;
			buildActionMask = 2147483647;
			files = (
				043F7B26871ACEF11FEEED22 /* Pods_presentation_projectTests.framework in Frameworks */,
			);
			runOnlyForDeploymentPostprocessing = 0;
		};
/* End PBXFrameworksBuildPhase section */

/* Begin PBXGroup section */
		235E7923360E9748F5CE92E6 /* Pods */ = {
			isa = PBXGroup;
			children = (
				B0C36FB752C8D40FCCF7BC25 /* Pods-presentation-project.debug.xcconfig */,
				C3A3C177D2534F3DBC9D1479 /* Pods-presentation-project.release.xcconfig */,
				814B3B1EC4B92C84B86A34A9 /* Pods-presentation-projectTests.debug.xcconfig */,
				8B947B47657C701513CB2071 /* Pods-presentation-projectTests.release.xcconfig */,
			);
			path = Pods;
			sourceTree = "<group>";
		};
		800BA4DE29C8E5FA0022651B /* Constants */ = {
			isa = PBXGroup;
			children = (
				800BA4F529C8E8760022651B /* Colors.swift */,
				807F9C2729CAECC300EBE055 /* Constants.swift */,
				800BA4F429C8E8760022651B /* ImageIdentifiers.swift */,
				800BA4F229C8E8640022651B /* Localization.swift */,
				807F9C3329CAF61A00EBE055 /* Regex.swift */,
			);
			path = Constants;
			sourceTree = "<group>";
		};
		800BA4DF29C8E64E0022651B /* Splash */ = {
			isa = PBXGroup;
			children = (
				800BA4E029C8E64E0022651B /* SplashInteractorTests.swift */,
				800BA4E129C8E64E0022651B /* SplashPresenterTests.swift */,
			);
			path = Splash;
			sourceTree = "<group>";
		};
		800BA4E229C8E64E0022651B /* Home */ = {
			isa = PBXGroup;
			children = (
				800BA4E329C8E64E0022651B /* HomeInteractorTests.swift */,
				800BA4E429C8E64E0022651B /* HomePresenterTests.swift */,
			);
			path = Home;
			sourceTree = "<group>";
		};
		8036395829C8B97A005FF0B1 = {
			isa = PBXGroup;
			children = (
				807F9C2F29CAF00500EBE055 /* README.md */,
				8036396329C8B97A005FF0B1 /* presentation-project */,
				8036397A29C8B97B005FF0B1 /* presentation-projectTests */,
				8036396229C8B97A005FF0B1 /* Products */,
				235E7923360E9748F5CE92E6 /* Pods */,
				F36E8D68C44C520EBC46082D /* Frameworks */,
			);
			sourceTree = "<group>";
		};
		8036396229C8B97A005FF0B1 /* Products */ = {
			isa = PBXGroup;
			children = (
				8036396129C8B97A005FF0B1 /* presentation-project.app */,
				8036397729C8B97B005FF0B1 /* presentation-projectTests.xctest */,
			);
			name = Products;
			sourceTree = "<group>";
		};
		8036396329C8B97A005FF0B1 /* presentation-project */ = {
			isa = PBXGroup;
			children = (
				8036396429C8B97A005FF0B1 /* AppDelegate.swift */,
				8036396629C8B97A005FF0B1 /* SceneDelegate.swift */,
				800BA4DE29C8E5FA0022651B /* Constants */,
				806A007529C8ED29003FCD1C /* Entities */,
				8085AFEA29C8DFE8005B30AA /* Extensions */,
				806A007629C8EDAA003FCD1C /* Helpers */,
				806A005029C8EB31003FCD1C /* Managers */,
				807C58FD29C8BA2F000A8E81 /* Scenes */,
				800BA4F029C8E8440022651B /* Colors.xcassets */,
				8036396D29C8B97B005FF0B1 /* Images.xcassets */,
				8036397229C8B97B005FF0B1 /* Info.plist */,
				8036396F29C8B97B005FF0B1 /* LaunchScreen.storyboard */,
				800BA4EE29C8E7510022651B /* Localizable.strings */,
			);
			path = "presentation-project";
			sourceTree = "<group>";
		};
		8036397A29C8B97B005FF0B1 /* presentation-projectTests */ = {
			isa = PBXGroup;
			children = (
				800BA4E229C8E64E0022651B /* Home */,
				800BA4DF29C8E64E0022651B /* Splash */,
			);
			path = "presentation-projectTests";
			sourceTree = "<group>";
		};
		806A005029C8EB31003FCD1C /* Managers */ = {
			isa = PBXGroup;
			children = (
				806A005429C8EBC5003FCD1C /* Network */,
				806A005229C8EB75003FCD1C /* Managers.swift */,
			);
			path = Managers;
			sourceTree = "<group>";
		};
		806A005429C8EBC5003FCD1C /* Network */ = {
			isa = PBXGroup;
			children = (
				806A005F29C8EBC5003FCD1C /* Api */,
				806A005A29C8EBC5003FCD1C /* Models */,
				806A005529C8EBC5003FCD1C /* NetworkConfigManager.swift */,
				806A005629C8EBC5003FCD1C /* DefaultNetworkConfigManager.swift */,
				806A005729C8EBC5003FCD1C /* DomainConvertible.swift */,
				806A005829C8EBC5003FCD1C /* NetworkResponse.swift */,
				806A005929C8EBC5003FCD1C /* NetworkManager.swift */,
				806A005E29C8EBC5003FCD1C /* PPNetworkManager.swift */,
				806A006229C8EBC5003FCD1C /* NetworkManager+RequestInterceptor.swift */,
				806A006329C8EBC5003FCD1C /* NetworkManager+Logging.swift */,
				806A006429C8EBC5003FCD1C /* NetworkRequest.swift */,
				806A006529C8EBC5003FCD1C /* NetworkError.swift */,
			);
			path = Network;
			sourceTree = "<group>";
		};
		806A005A29C8EBC5003FCD1C /* Models */ = {
			isa = PBXGroup;
			children = (
				807F9C2B29CAEE3800EBE055 /* Weather+Request.swift */,
				807F9C2D29CAEE4000EBE055 /* Weather+Response.swift */,
			);
			path = Models;
			sourceTree = "<group>";
		};
		806A005F29C8EBC5003FCD1C /* Api */ = {
			isa = PBXGroup;
			children = (
				806A006029C8EBC5003FCD1C /* Network+Weather.swift */,
			);
			path = Api;
			sourceTree = "<group>";
		};
		806A007529C8ED29003FCD1C /* Entities */ = {
			isa = PBXGroup;
			children = (
				807F9C2929CAED7D00EBE055 /* WeatherEntities.swift */,
			);
			path = Entities;
			sourceTree = "<group>";
		};
		806A007629C8EDAA003FCD1C /* Helpers */ = {
			isa = PBXGroup;
			children = (
				806A007829C8EDAA003FCD1C /* EntityParser.swift */,
				806A007929C8EDAA003FCD1C /* PrintLog.swift */,
			);
			path = Helpers;
			sourceTree = "<group>";
		};
		806A008329C8EDFD003FCD1C /* Foundation */ = {
			isa = PBXGroup;
			children = (
				806A008429C8EE0B003FCD1C /* String.swift */,
			);
			path = Foundation;
			sourceTree = "<group>";
		};
		807C58FD29C8BA2F000A8E81 /* Scenes */ = {
			isa = PBXGroup;
			children = (
				807C58FE29C8BA2F000A8E81 /* Home */,
				807C590529C8BA2F000A8E81 /* Splash */,
			);
			path = Scenes;
			sourceTree = "<group>";
		};
		807C58FE29C8BA2F000A8E81 /* Home */ = {
			isa = PBXGroup;
			children = (
				807C58FF29C8BA2F000A8E81 /* HomeInteractor.swift */,
				807C590029C8BA2F000A8E81 /* HomeView.swift */,
				807C590129C8BA2F000A8E81 /* HomeViewController.swift */,
				807C590229C8BA2F000A8E81 /* HomeRouter.swift */,
				807C590329C8BA2F000A8E81 /* HomeModels.swift */,
				807C590429C8BA2F000A8E81 /* HomePresenter.swift */,
			);
			path = Home;
			sourceTree = "<group>";
		};
		807C590529C8BA2F000A8E81 /* Splash */ = {
			isa = PBXGroup;
			children = (
				807C590629C8BA2F000A8E81 /* SplashViewController.swift */,
				807C590729C8BA2F000A8E81 /* SplashPresenter.swift */,
				807C590829C8BA2F000A8E81 /* SplashRouter.swift */,
				807C590929C8BA2F000A8E81 /* SplashView.swift */,
				807C590A29C8BA2F000A8E81 /* SplashInteractor.swift */,
				807C590B29C8BA2F000A8E81 /* SplashModels.swift */,
			);
			path = Splash;
			sourceTree = "<group>";
		};
		8085AFEA29C8DFE8005B30AA /* Extensions */ = {
			isa = PBXGroup;
			children = (
				806A008329C8EDFD003FCD1C /* Foundation */,
				8085AFEB29C8DFF3005B30AA /* UIKit */,
			);
			path = Extensions;
			sourceTree = "<group>";
		};
		8085AFEB29C8DFF3005B30AA /* UIKit */ = {
			isa = PBXGroup;
			children = (
				8085AFEE29C8E07A005B30AA /* NSLayoutAnchor.swift */,
				8085AFF029C8E086005B30AA /* NSLayoutDimension.swift */,
				807F9C3129CAF5CD00EBE055 /* UIColor.swift */,
				8085AFEC29C8E002005B30AA /* UIView.swift */,
			);
			path = UIKit;
			sourceTree = "<group>";
		};
		F36E8D68C44C520EBC46082D /* Frameworks */ = {
			isa = PBXGroup;
			children = (
				5811FB5C54DF7F9D4326F96B /* Pods_presentation_project.framework */,
				F1236F67A2A8DE3C82E56ACD /* Pods_presentation_projectTests.framework */,
			);
			name = Frameworks;
			sourceTree = "<group>";
		};
/* End PBXGroup section */

/* Begin PBXNativeTarget section */
		8036396029C8B97A005FF0B1 /* presentation-project */ = {
			isa = PBXNativeTarget;
			buildConfigurationList = 8036398B29C8B97B005FF0B1 /* Build configuration list for PBXNativeTarget "presentation-project" */;
			buildPhases = (
				1BCBB8F5555747593748F737 /* [CP] Check Pods Manifest.lock */,
				8036395D29C8B97A005FF0B1 /* Sources */,
				8036395E29C8B97A005FF0B1 /* Frameworks */,
				8036395F29C8B97A005FF0B1 /* Resources */,
				800BA4DD29C8E5440022651B /* SwiftLint */,
				36B6E0CF63368E90CA85AED7 /* [CP] Embed Pods Frameworks */,
				800BA4E929C8E6E10022651B /* SwiftGen */,
			);
			buildRules = (
			);
			dependencies = (
			);
			name = "presentation-project";
			productName = "presentation-project";
			productReference = 8036396129C8B97A005FF0B1 /* presentation-project.app */;
			productType = "com.apple.product-type.application";
		};
		8036397629C8B97B005FF0B1 /* presentation-projectTests */ = {
			isa = PBXNativeTarget;
			buildConfigurationList = 8036398E29C8B97B005FF0B1 /* Build configuration list for PBXNativeTarget "presentation-projectTests" */;
			buildPhases = (
				4B350CEBB71DD44A3FD55C50 /* [CP] Check Pods Manifest.lock */,
				8036397329C8B97B005FF0B1 /* Sources */,
				8036397429C8B97B005FF0B1 /* Frameworks */,
				8036397529C8B97B005FF0B1 /* Resources */,
			);
			buildRules = (
			);
			dependencies = (
				8036397929C8B97B005FF0B1 /* PBXTargetDependency */,
			);
			name = "presentation-projectTests";
			productName = "presentation-projectTests";
			productReference = 8036397729C8B97B005FF0B1 /* presentation-projectTests.xctest */;
			productType = "com.apple.product-type.bundle.unit-test";
		};
/* End PBXNativeTarget section */

/* Begin PBXProject section */
		8036395929C8B97A005FF0B1 /* Project object */ = {
			isa = PBXProject;
			attributes = {
				BuildIndependentTargetsInParallel = 1;
				LastSwiftUpdateCheck = 1420;
				LastUpgradeCheck = 1420;
				ORGANIZATIONNAME = ArtCC;
				TargetAttributes = {
					8036396029C8B97A005FF0B1 = {
						CreatedOnToolsVersion = 14.2;
					};
					8036397629C8B97B005FF0B1 = {
						CreatedOnToolsVersion = 14.2;
						TestTargetID = 8036396029C8B97A005FF0B1;
					};
				};
			};
			buildConfigurationList = 8036395C29C8B97A005FF0B1 /* Build configuration list for PBXProject "presentation-project" */;
			compatibilityVersion = "Xcode 14.0";
			developmentRegion = en;
			hasScannedForEncodings = 0;
			knownRegions = (
				en,
				Base,
				es,
			);
			mainGroup = 8036395829C8B97A005FF0B1;
			productRefGroup = 8036396229C8B97A005FF0B1 /* Products */;
			projectDirPath = "";
			projectRoot = "";
			targets = (
				8036396029C8B97A005FF0B1 /* presentation-project */,
				8036397629C8B97B005FF0B1 /* presentation-projectTests */,
			);
		};
/* End PBXProject section */

/* Begin PBXResourcesBuildPhase section */
		8036395F29C8B97A005FF0B1 /* Resources */ = {
			isa = PBXResourcesBuildPhase;
			buildActionMask = 2147483647;
			files = (
				8036397129C8B97B005FF0B1 /* LaunchScreen.storyboard in Resources */,
				800BA4F129C8E8440022651B /* Colors.xcassets in Resources */,
				807F9C3029CAF00500EBE055 /* README.md in Resources */,
				800BA4EC29C8E7510022651B /* Localizable.strings in Resources */,
				8036396E29C8B97B005FF0B1 /* Images.xcassets in Resources */,
			);
			runOnlyForDeploymentPostprocessing = 0;
		};
		8036397529C8B97B005FF0B1 /* Resources */ = {
			isa = PBXResourcesBuildPhase;
			buildActionMask = 2147483647;
			files = (
			);
			runOnlyForDeploymentPostprocessing = 0;
		};
/* End PBXResourcesBuildPhase section */

/* Begin PBXShellScriptBuildPhase section */
		1BCBB8F5555747593748F737 /* [CP] Check Pods Manifest.lock */ = {
			isa = PBXShellScriptBuildPhase;
			buildActionMask = 2147483647;
			files = (
			);
			inputFileListPaths = (
			);
			inputPaths = (
				"${PODS_PODFILE_DIR_PATH}/Podfile.lock",
				"${PODS_ROOT}/Manifest.lock",
			);
			name = "[CP] Check Pods Manifest.lock";
			outputFileListPaths = (
			);
			outputPaths = (
				"$(DERIVED_FILE_DIR)/Pods-presentation-project-checkManifestLockResult.txt",
			);
			runOnlyForDeploymentPostprocessing = 0;
			shellPath = /bin/sh;
			shellScript = "diff \"${PODS_PODFILE_DIR_PATH}/Podfile.lock\" \"${PODS_ROOT}/Manifest.lock\" > /dev/null\nif [ $? != 0 ] ; then\n    # print error to STDERR\n    echo \"error: The sandbox is not in sync with the Podfile.lock. Run 'pod install' or update your CocoaPods installation.\" >&2\n    exit 1\nfi\n# This output is used by Xcode 'outputs' to avoid re-running this script phase.\necho \"SUCCESS\" > \"${SCRIPT_OUTPUT_FILE_0}\"\n";
			showEnvVarsInLog = 0;
		};
		36B6E0CF63368E90CA85AED7 /* [CP] Embed Pods Frameworks */ = {
			isa = PBXShellScriptBuildPhase;
			buildActionMask = 2147483647;
			files = (
			);
			inputFileListPaths = (
				"${PODS_ROOT}/Target Support Files/Pods-presentation-project/Pods-presentation-project-frameworks-${CONFIGURATION}-input-files.xcfilelist",
			);
			name = "[CP] Embed Pods Frameworks";
			outputFileListPaths = (
				"${PODS_ROOT}/Target Support Files/Pods-presentation-project/Pods-presentation-project-frameworks-${CONFIGURATION}-output-files.xcfilelist",
			);
			runOnlyForDeploymentPostprocessing = 0;
			shellPath = /bin/sh;
			shellScript = "\"${PODS_ROOT}/Target Support Files/Pods-presentation-project/Pods-presentation-project-frameworks.sh\"\n";
			showEnvVarsInLog = 0;
		};
		4B350CEBB71DD44A3FD55C50 /* [CP] Check Pods Manifest.lock */ = {
			isa = PBXShellScriptBuildPhase;
			buildActionMask = 2147483647;
			files = (
			);
			inputFileListPaths = (
			);
			inputPaths = (
				"${PODS_PODFILE_DIR_PATH}/Podfile.lock",
				"${PODS_ROOT}/Manifest.lock",
			);
			name = "[CP] Check Pods Manifest.lock";
			outputFileListPaths = (
			);
			outputPaths = (
				"$(DERIVED_FILE_DIR)/Pods-presentation-projectTests-checkManifestLockResult.txt",
			);
			runOnlyForDeploymentPostprocessing = 0;
			shellPath = /bin/sh;
			shellScript = "diff \"${PODS_PODFILE_DIR_PATH}/Podfile.lock\" \"${PODS_ROOT}/Manifest.lock\" > /dev/null\nif [ $? != 0 ] ; then\n    # print error to STDERR\n    echo \"error: The sandbox is not in sync with the Podfile.lock. Run 'pod install' or update your CocoaPods installation.\" >&2\n    exit 1\nfi\n# This output is used by Xcode 'outputs' to avoid re-running this script phase.\necho \"SUCCESS\" > \"${SCRIPT_OUTPUT_FILE_0}\"\n";
			showEnvVarsInLog = 0;
		};
		800BA4DD29C8E5440022651B /* SwiftLint */ = {
			isa = PBXShellScriptBuildPhase;
			alwaysOutOfDate = 1;
			buildActionMask = 2147483647;
			files = (
			);
			inputFileListPaths = (
			);
			inputPaths = (
			);
			name = SwiftLint;
			outputFileListPaths = (
			);
			outputPaths = (
			);
			runOnlyForDeploymentPostprocessing = 0;
			shellPath = /bin/sh;
			shellScript = "\"${PODS_ROOT}/SwiftLint/swiftlint\" autocorrect\n\"${PODS_ROOT}/SwiftLint/swiftlint\"\n";
		};
		800BA4E929C8E6E10022651B /* SwiftGen */ = {
			isa = PBXShellScriptBuildPhase;
			alwaysOutOfDate = 1;
			buildActionMask = 2147483647;
			files = (
			);
			inputFileListPaths = (
			);
			inputPaths = (
			);
			name = SwiftGen;
			outputFileListPaths = (
			);
			outputPaths = (
			);
			runOnlyForDeploymentPostprocessing = 0;
			shellPath = /bin/sh;
			shellScript = "\"$PODS_ROOT/SwiftGen/bin/swiftgen\" config run --config \"$SRCROOT/swiftgen.yml\"\n";
		};
/* End PBXShellScriptBuildPhase section */

/* Begin PBXSourcesBuildPhase section */
		8036395D29C8B97A005FF0B1 /* Sources */ = {
			isa = PBXSourcesBuildPhase;
			buildActionMask = 2147483647;
			files = (
				807C591029C8BA2F000A8E81 /* HomeModels.swift in Sources */,
				807F9C2E29CAEE4000EBE055 /* Weather+Response.swift in Sources */,
				806A007E29C8EDAA003FCD1C /* EntityParser.swift in Sources */,
				800BA4F729C8E8760022651B /* Colors.swift in Sources */,
				806A005329C8EB75003FCD1C /* Managers.swift in Sources */,
				807F9C2C29CAEE3800EBE055 /* Weather+Request.swift in Sources */,
				8085AFF129C8E086005B30AA /* NSLayoutDimension.swift in Sources */,
				807C591629C8BA2F000A8E81 /* SplashInteractor.swift in Sources */,
				806A006729C8EBC5003FCD1C /* DefaultNetworkConfigManager.swift in Sources */,
				807C591429C8BA2F000A8E81 /* SplashRouter.swift in Sources */,
				806A006829C8EBC5003FCD1C /* DomainConvertible.swift in Sources */,
				806A006E29C8EBC5003FCD1C /* PPNetworkManager.swift in Sources */,
				806A006F29C8EBC5003FCD1C /* Network+Weather.swift in Sources */,
				806A007129C8EBC5003FCD1C /* NetworkManager+RequestInterceptor.swift in Sources */,
				807C591729C8BA2F000A8E81 /* SplashModels.swift in Sources */,
				806A007329C8EBC5003FCD1C /* NetworkRequest.swift in Sources */,
				8036396529C8B97A005FF0B1 /* AppDelegate.swift in Sources */,
				807C590F29C8BA2F000A8E81 /* HomeRouter.swift in Sources */,
				807C591329C8BA2F000A8E81 /* SplashPresenter.swift in Sources */,
				806A006629C8EBC5003FCD1C /* NetworkConfigManager.swift in Sources */,
				8036396729C8B97A005FF0B1 /* SceneDelegate.swift in Sources */,
				807F9C2A29CAED7D00EBE055 /* WeatherEntities.swift in Sources */,
				806A007229C8EBC5003FCD1C /* NetworkManager+Logging.swift in Sources */,
				807C590D29C8BA2F000A8E81 /* HomeView.swift in Sources */,
				8085AFEF29C8E07A005B30AA /* NSLayoutAnchor.swift in Sources */,
				806A006A29C8EBC5003FCD1C /* NetworkManager.swift in Sources */,
				806A007F29C8EDAA003FCD1C /* PrintLog.swift in Sources */,
				806A006929C8EBC5003FCD1C /* NetworkResponse.swift in Sources */,
				807C591529C8BA2F000A8E81 /* SplashView.swift in Sources */,
				807F9C3229CAF5CD00EBE055 /* UIColor.swift in Sources */,
				807F9C3429CAF61A00EBE055 /* Regex.swift in Sources */,
				8085AFED29C8E002005B30AA /* UIView.swift in Sources */,
				807C591129C8BA2F000A8E81 /* HomePresenter.swift in Sources */,
				800BA4F629C8E8760022651B /* ImageIdentifiers.swift in Sources */,
				800BA4F329C8E8640022651B /* Localization.swift in Sources */,
				807C590C29C8BA2F000A8E81 /* HomeInteractor.swift in Sources */,
				806A007429C8EBC5003FCD1C /* NetworkError.swift in Sources */,
				806A008529C8EE0B003FCD1C /* String.swift in Sources */,
				807C590E29C8BA2F000A8E81 /* HomeViewController.swift in Sources */,
				807C591229C8BA2F000A8E81 /* SplashViewController.swift in Sources */,
				807F9C2829CAECC300EBE055 /* Constants.swift in Sources */,
			);
			runOnlyForDeploymentPostprocessing = 0;
		};
		8036397329C8B97B005FF0B1 /* Sources */ = {
			isa = PBXSourcesBuildPhase;
			buildActionMask = 2147483647;
			files = (
				800BA4E729C8E64E0022651B /* HomeInteractorTests.swift in Sources */,
				800BA4E529C8E64E0022651B /* SplashInteractorTests.swift in Sources */,
				800BA4E629C8E64E0022651B /* SplashPresenterTests.swift in Sources */,
				800BA4E829C8E64E0022651B /* HomePresenterTests.swift in Sources */,
			);
			runOnlyForDeploymentPostprocessing = 0;
		};
/* End PBXSourcesBuildPhase section */

/* Begin PBXTargetDependency section */
		8036397929C8B97B005FF0B1 /* PBXTargetDependency */ = {
			isa = PBXTargetDependency;
			target = 8036396029C8B97A005FF0B1 /* presentation-project */;
			targetProxy = 8036397829C8B97B005FF0B1 /* PBXContainerItemProxy */;
		};
/* End PBXTargetDependency section */

/* Begin PBXVariantGroup section */
		800BA4EE29C8E7510022651B /* Localizable.strings */ = {
			isa = PBXVariantGroup;
			children = (
				800BA4ED29C8E7510022651B /* en */,
				800BA4EF29C8E75A0022651B /* es */,
			);
			name = Localizable.strings;
			sourceTree = "<group>";
		};
		8036396F29C8B97B005FF0B1 /* LaunchScreen.storyboard */ = {
			isa = PBXVariantGroup;
			children = (
				8036397029C8B97B005FF0B1 /* Base */,
			);
			name = LaunchScreen.storyboard;
			sourceTree = "<group>";
		};
/* End PBXVariantGroup section */

/* Begin XCBuildConfiguration section */
		8036398929C8B97B005FF0B1 /* Debug */ = {
			isa = XCBuildConfiguration;
			buildSettings = {
				ALWAYS_SEARCH_USER_PATHS = NO;
				CLANG_ANALYZER_LOCALIZABILITY_NONLOCALIZED = YES;
				CLANG_ANALYZER_NONNULL = YES;
				CLANG_ANALYZER_NUMBER_OBJECT_CONVERSION = YES_AGGRESSIVE;
				CLANG_CXX_LANGUAGE_STANDARD = "gnu++20";
				CLANG_ENABLE_MODULES = YES;
				CLANG_ENABLE_OBJC_ARC = YES;
				CLANG_ENABLE_OBJC_WEAK = YES;
				CLANG_WARN_BLOCK_CAPTURE_AUTORELEASING = YES;
				CLANG_WARN_BOOL_CONVERSION = YES;
				CLANG_WARN_COMMA = YES;
				CLANG_WARN_CONSTANT_CONVERSION = YES;
				CLANG_WARN_DEPRECATED_OBJC_IMPLEMENTATIONS = YES;
				CLANG_WARN_DIRECT_OBJC_ISA_USAGE = YES_ERROR;
				CLANG_WARN_DOCUMENTATION_COMMENTS = YES;
				CLANG_WARN_EMPTY_BODY = YES;
				CLANG_WARN_ENUM_CONVERSION = YES;
				CLANG_WARN_INFINITE_RECURSION = YES;
				CLANG_WARN_INT_CONVERSION = YES;
				CLANG_WARN_NON_LITERAL_NULL_CONVERSION = YES;
				CLANG_WARN_OBJC_IMPLICIT_RETAIN_SELF = YES;
				CLANG_WARN_OBJC_LITERAL_CONVERSION = YES;
				CLANG_WARN_OBJC_ROOT_CLASS = YES_ERROR;
				CLANG_WARN_QUOTED_INCLUDE_IN_FRAMEWORK_HEADER = YES;
				CLANG_WARN_RANGE_LOOP_ANALYSIS = YES;
				CLANG_WARN_STRICT_PROTOTYPES = YES;
				CLANG_WARN_SUSPICIOUS_MOVE = YES;
				CLANG_WARN_UNGUARDED_AVAILABILITY = YES_AGGRESSIVE;
				CLANG_WARN_UNREACHABLE_CODE = YES;
				CLANG_WARN__DUPLICATE_METHOD_MATCH = YES;
				COPY_PHASE_STRIP = NO;
				DEBUG_INFORMATION_FORMAT = dwarf;
				ENABLE_STRICT_OBJC_MSGSEND = YES;
				ENABLE_TESTABILITY = YES;
				GCC_C_LANGUAGE_STANDARD = gnu11;
				GCC_DYNAMIC_NO_PIC = NO;
				GCC_NO_COMMON_BLOCKS = YES;
				GCC_OPTIMIZATION_LEVEL = 0;
				GCC_PREPROCESSOR_DEFINITIONS = (
					"DEBUG=1",
					"$(inherited)",
				);
				GCC_WARN_64_TO_32_BIT_CONVERSION = YES;
				GCC_WARN_ABOUT_RETURN_TYPE = YES_ERROR;
				GCC_WARN_UNDECLARED_SELECTOR = YES;
				GCC_WARN_UNINITIALIZED_AUTOS = YES_AGGRESSIVE;
				GCC_WARN_UNUSED_FUNCTION = YES;
				GCC_WARN_UNUSED_VARIABLE = YES;
				IPHONEOS_DEPLOYMENT_TARGET = 16.2;
				MTL_ENABLE_DEBUG_INFO = INCLUDE_SOURCE;
				MTL_FAST_MATH = YES;
				ONLY_ACTIVE_ARCH = YES;
				SDKROOT = iphoneos;
				SWIFT_ACTIVE_COMPILATION_CONDITIONS = DEBUG;
				SWIFT_OPTIMIZATION_LEVEL = "-Onone";
			};
			name = Debug;
		};
		8036398A29C8B97B005FF0B1 /* Release */ = {
			isa = XCBuildConfiguration;
			buildSettings = {
				ALWAYS_SEARCH_USER_PATHS = NO;
				CLANG_ANALYZER_LOCALIZABILITY_NONLOCALIZED = YES;
				CLANG_ANALYZER_NONNULL = YES;
				CLANG_ANALYZER_NUMBER_OBJECT_CONVERSION = YES_AGGRESSIVE;
				CLANG_CXX_LANGUAGE_STANDARD = "gnu++20";
				CLANG_ENABLE_MODULES = YES;
				CLANG_ENABLE_OBJC_ARC = YES;
				CLANG_ENABLE_OBJC_WEAK = YES;
				CLANG_WARN_BLOCK_CAPTURE_AUTORELEASING = YES;
				CLANG_WARN_BOOL_CONVERSION = YES;
				CLANG_WARN_COMMA = YES;
				CLANG_WARN_CONSTANT_CONVERSION = YES;
				CLANG_WARN_DEPRECATED_OBJC_IMPLEMENTATIONS = YES;
				CLANG_WARN_DIRECT_OBJC_ISA_USAGE = YES_ERROR;
				CLANG_WARN_DOCUMENTATION_COMMENTS = YES;
				CLANG_WARN_EMPTY_BODY = YES;
				CLANG_WARN_ENUM_CONVERSION = YES;
				CLANG_WARN_INFINITE_RECURSION = YES;
				CLANG_WARN_INT_CONVERSION = YES;
				CLANG_WARN_NON_LITERAL_NULL_CONVERSION = YES;
				CLANG_WARN_OBJC_IMPLICIT_RETAIN_SELF = YES;
				CLANG_WARN_OBJC_LITERAL_CONVERSION = YES;
				CLANG_WARN_OBJC_ROOT_CLASS = YES_ERROR;
				CLANG_WARN_QUOTED_INCLUDE_IN_FRAMEWORK_HEADER = YES;
				CLANG_WARN_RANGE_LOOP_ANALYSIS = YES;
				CLANG_WARN_STRICT_PROTOTYPES = YES;
				CLANG_WARN_SUSPICIOUS_MOVE = YES;
				CLANG_WARN_UNGUARDED_AVAILABILITY = YES_AGGRESSIVE;
				CLANG_WARN_UNREACHABLE_CODE = YES;
				CLANG_WARN__DUPLICATE_METHOD_MATCH = YES;
				COPY_PHASE_STRIP = NO;
				DEBUG_INFORMATION_FORMAT = "dwarf-with-dsym";
				ENABLE_NS_ASSERTIONS = NO;
				ENABLE_STRICT_OBJC_MSGSEND = YES;
				GCC_C_LANGUAGE_STANDARD = gnu11;
				GCC_NO_COMMON_BLOCKS = YES;
				GCC_WARN_64_TO_32_BIT_CONVERSION = YES;
				GCC_WARN_ABOUT_RETURN_TYPE = YES_ERROR;
				GCC_WARN_UNDECLARED_SELECTOR = YES;
				GCC_WARN_UNINITIALIZED_AUTOS = YES_AGGRESSIVE;
				GCC_WARN_UNUSED_FUNCTION = YES;
				GCC_WARN_UNUSED_VARIABLE = YES;
				IPHONEOS_DEPLOYMENT_TARGET = 16.2;
				MTL_ENABLE_DEBUG_INFO = NO;
				MTL_FAST_MATH = YES;
				SDKROOT = iphoneos;
				SWIFT_COMPILATION_MODE = wholemodule;
				SWIFT_OPTIMIZATION_LEVEL = "-O";
				VALIDATE_PRODUCT = YES;
			};
			name = Release;
		};
		8036398C29C8B97B005FF0B1 /* Debug */ = {
			isa = XCBuildConfiguration;
			baseConfigurationReference = B0C36FB752C8D40FCCF7BC25 /* Pods-presentation-project.debug.xcconfig */;
			buildSettings = {
				ASSETCATALOG_COMPILER_APPICON_NAME = AppIcon;
				ASSETCATALOG_COMPILER_GLOBAL_ACCENT_COLOR_NAME = AccentColor;
				CODE_SIGN_STYLE = Automatic;
				CURRENT_PROJECT_VERSION = 1;
				GENERATE_INFOPLIST_FILE = YES;
				INFOPLIST_FILE = "presentation-project/Info.plist";
				INFOPLIST_KEY_CFBundleDisplayName = Weather;
				INFOPLIST_KEY_UIApplicationSupportsIndirectInputEvents = YES;
				INFOPLIST_KEY_UILaunchStoryboardName = LaunchScreen;
				INFOPLIST_KEY_UISupportedInterfaceOrientations = UIInterfaceOrientationPortrait;
				LD_RUNPATH_SEARCH_PATHS = (
					"$(inherited)",
					"@executable_path/Frameworks",
				);
				MARKETING_VERSION = 1.0.0;
				PRODUCT_BUNDLE_IDENTIFIER = "com.artcc.presentation-project";
				PRODUCT_NAME = "$(TARGET_NAME)";
				SUPPORTED_PLATFORMS = "iphoneos iphonesimulator";
				SUPPORTS_MACCATALYST = NO;
				SUPPORTS_MAC_DESIGNED_FOR_IPHONE_IPAD = NO;
				SWIFT_EMIT_LOC_STRINGS = YES;
				SWIFT_VERSION = 5.0;
				TARGETED_DEVICE_FAMILY = 1;
			};
			name = Debug;
		};
		8036398D29C8B97B005FF0B1 /* Release */ = {
			isa = XCBuildConfiguration;
			baseConfigurationReference = C3A3C177D2534F3DBC9D1479 /* Pods-presentation-project.release.xcconfig */;
			buildSettings = {
				ASSETCATALOG_COMPILER_APPICON_NAME = AppIcon;
				ASSETCATALOG_COMPILER_GLOBAL_ACCENT_COLOR_NAME = AccentColor;
				CODE_SIGN_STYLE = Automatic;
				CURRENT_PROJECT_VERSION = 1;
				GENERATE_INFOPLIST_FILE = YES;
				INFOPLIST_FILE = "presentation-project/Info.plist";
				INFOPLIST_KEY_CFBundleDisplayName = Weather;
				INFOPLIST_KEY_UIApplicationSupportsIndirectInputEvents = YES;
				INFOPLIST_KEY_UILaunchStoryboardName = LaunchScreen;
				INFOPLIST_KEY_UISupportedInterfaceOrientations = UIInterfaceOrientationPortrait;
				LD_RUNPATH_SEARCH_PATHS = (
					"$(inherited)",
					"@executable_path/Frameworks",
				);
				MARKETING_VERSION = 1.0.0;
				PRODUCT_BUNDLE_IDENTIFIER = "com.artcc.presentation-project";
				PRODUCT_NAME = "$(TARGET_NAME)";
				SUPPORTED_PLATFORMS = "iphoneos iphonesimulator";
				SUPPORTS_MACCATALYST = NO;
				SUPPORTS_MAC_DESIGNED_FOR_IPHONE_IPAD = NO;
				SWIFT_EMIT_LOC_STRINGS = YES;
				SWIFT_VERSION = 5.0;
				TARGETED_DEVICE_FAMILY = 1;
			};
			name = Release;
		};
		8036398F29C8B97B005FF0B1 /* Debug */ = {
			isa = XCBuildConfiguration;
			baseConfigurationReference = 814B3B1EC4B92C84B86A34A9 /* Pods-presentation-projectTests.debug.xcconfig */;
			buildSettings = {
				ALWAYS_EMBED_SWIFT_STANDARD_LIBRARIES = YES;
				BUNDLE_LOADER = "$(TEST_HOST)";
				CODE_SIGN_STYLE = Automatic;
				CURRENT_PROJECT_VERSION = 1;
				GENERATE_INFOPLIST_FILE = YES;
				IPHONEOS_DEPLOYMENT_TARGET = 16.2;
				MARKETING_VERSION = 1.0;
				PRODUCT_BUNDLE_IDENTIFIER = "com.artcc.presentation-projectTests";
				PRODUCT_NAME = "$(TARGET_NAME)";
				SUPPORTED_PLATFORMS = "iphoneos iphonesimulator";
				SUPPORTS_MACCATALYST = NO;
				SUPPORTS_MAC_DESIGNED_FOR_IPHONE_IPAD = NO;
				SWIFT_EMIT_LOC_STRINGS = NO;
				SWIFT_VERSION = 5.0;
				TARGETED_DEVICE_FAMILY = 1;
				TEST_HOST = "$(BUILT_PRODUCTS_DIR)/presentation-project.app/$(BUNDLE_EXECUTABLE_FOLDER_PATH)/presentation-project";
			};
			name = Debug;
		};
		8036399029C8B97B005FF0B1 /* Release */ = {
			isa = XCBuildConfiguration;
			baseConfigurationReference = 8B947B47657C701513CB2071 /* Pods-presentation-projectTests.release.xcconfig */;
			buildSettings = {
				ALWAYS_EMBED_SWIFT_STANDARD_LIBRARIES = YES;
				BUNDLE_LOADER = "$(TEST_HOST)";
				CODE_SIGN_STYLE = Automatic;
				CURRENT_PROJECT_VERSION = 1;
				GENERATE_INFOPLIST_FILE = YES;
				IPHONEOS_DEPLOYMENT_TARGET = 16.2;
				MARKETING_VERSION = 1.0;
				PRODUCT_BUNDLE_IDENTIFIER = "com.artcc.presentation-projectTests";
				PRODUCT_NAME = "$(TARGET_NAME)";
				SUPPORTED_PLATFORMS = "iphoneos iphonesimulator";
				SUPPORTS_MACCATALYST = NO;
				SUPPORTS_MAC_DESIGNED_FOR_IPHONE_IPAD = NO;
				SWIFT_EMIT_LOC_STRINGS = NO;
				SWIFT_VERSION = 5.0;
				TARGETED_DEVICE_FAMILY = 1;
				TEST_HOST = "$(BUILT_PRODUCTS_DIR)/presentation-project.app/$(BUNDLE_EXECUTABLE_FOLDER_PATH)/presentation-project";
			};
			name = Release;
		};
/* End XCBuildConfiguration section */

/* Begin XCConfigurationList section */
		8036395C29C8B97A005FF0B1 /* Build configuration list for PBXProject "presentation-project" */ = {
			isa = XCConfigurationList;
			buildConfigurations = (
				8036398929C8B97B005FF0B1 /* Debug */,
				8036398A29C8B97B005FF0B1 /* Release */,
			);
			defaultConfigurationIsVisible = 0;
			defaultConfigurationName = Release;
		};
		8036398B29C8B97B005FF0B1 /* Build configuration list for PBXNativeTarget "presentation-project" */ = {
			isa = XCConfigurationList;
			buildConfigurations = (
				8036398C29C8B97B005FF0B1 /* Debug */,
				8036398D29C8B97B005FF0B1 /* Release */,
			);
			defaultConfigurationIsVisible = 0;
			defaultConfigurationName = Release;
		};
		8036398E29C8B97B005FF0B1 /* Build configuration list for PBXNativeTarget "presentation-projectTests" */ = {
			isa = XCConfigurationList;
			buildConfigurations = (
				8036398F29C8B97B005FF0B1 /* Debug */,
				8036399029C8B97B005FF0B1 /* Release */,
			);
			defaultConfigurationIsVisible = 0;
			defaultConfigurationName = Release;
		};
/* End XCConfigurationList section */
	};
	rootObject = 8036395929C8B97A005FF0B1 /* Project object */;
}
